[root]
name = "ws"
version = "0.1.0"
dependencies = [
 "rust-crypto 0.1.0 (git+https://github.com/DaGenix/rust-crypto.git#4105f2a180701f67905939a2260b1fd0832fe253)",
]

[[package]]
name = "rust-crypto"
version = "0.1.0"
source = "git+https://github.com/DaGenix/rust-crypto.git#4105f2a180701f67905939a2260b1fd0832fe253"

